{
  "requires": true,
  "lockfileVersion": 1,
  "dependencies": {
    "ts-keycode-enum": {
      "version": "1.0.6",
      "resolved": "https://registry.npmjs.org/ts-keycode-enum/-/ts-keycode-enum-1.0.6.tgz",
      "integrity": "sha512-DF8+Cf/FJJnPRxwz8agCoDelQXKZWQOS/gnnwx01nZ106tPJdB3BgJ9QTtLwXgR82D8O+nTjuZzWgf0Rg4vuRA=="
    }
  }
}
